
Microsoft Visual Studio Solution File, Format Version 12.00
# Visual Studio Version 16
VisualStudioVersion = 16.0.29806.167
MinimumVisualStudioVersion = 10.0.40219.1
Project("{FAE04EC0-301F-11D3-BF4B-00C04F79EFBC}") = "KaraokeShow", "KaraokeShow\KaraokeShow.csproj", "{210E3D67-1E2B-4FAB-98E2-F51577C0F2A0}"
EndProject
Global
	GlobalSection(SolutionConfigurationPlatforms) = preSolution
		Debug|Any CPU = Debug|Any CPU
		DebugToMB|Any CPU = DebugToMB|Any CPU
		Release|Any CPU = Release|Any CPU
	EndGlobalSection
	GlobalSection(ProjectConfigurationPlatforms) = postSolution
		{210E3D67-1E2B-4FAB-98E2-F51577C0F2A0}.Debug|Any CPU.ActiveCfg = Debug|Any CPU
		{210E3D67-1E2B-4FAB-98E2-F51577C0F2A0}.Debug|Any CPU.Build.0 = Debug|Any CPU
		{210E3D67-1E2B-4FAB-98E2-F51577C0F2A0}.DebugToMB|Any CPU.ActiveCfg = DebugToMB|Any CPU
		{210E3D67-1E2B-4FAB-98E2-F51577C0F2A0}.DebugToMB|Any CPU.Build.0 = DebugToMB|Any CPU
		{210E3D67-1E2B-4FAB-98E2-F51577C0F2A0}.Release|Any CPU.ActiveCfg = Release|Any CPU
		{210E3D67-1E2B-4FAB-98E2-F51577C0F2A0}.Release|Any CPU.Build.0 = Release|Any CPU
	EndGlobalSection
	GlobalSection(SolutionProperties) = preSolution
		HideSolutionNode = FALSE
	EndGlobalSection
	GlobalSection(ExtensibilityGlobals) = postSolution
		SolutionGuid = {C195306A-7EEF-45F1-9A7A-4BD36D2E7016}
	EndGlobalSection
EndGlobal
